# THIS IS AN AUTOGENERATED FILE. DO NOT EDIT THIS FILE DIRECTLY.
# yarn lockfile v1


"@types/lokijs@^1.5.3":
  version "1.5.3"
  resolved "https://registry.yarnpkg.com/@types/lokijs/-/lokijs-1.5.3.tgz#e45db0b35e53ec09a4c2ff4f253037abd56be151"
  integrity sha512-ssiP6F7rpDqlaOzo+0Y/0dkVH2JiAjc+o7n6M4pFnfAMscf+7FthqS0cobvGJEJvxmzp4PWfMOfe0q3VETtrgQ==

"@types/node@^14.14.22":
  version "14.14.22"
  resolved "https://registry.yarnpkg.com/@types/node/-/node-14.14.22.tgz#0d29f382472c4ccf3bd96ff0ce47daf5b7b84b18"
  integrity sha512-g+f/qj/cNcqKkc3tFqlXOYjrmZA+jNBiDzbP3kH+B+otKFqAdPgVTGP1IeKRdMml/aE69as5S4FqtxAbl+LaMw==

inherits@2.0.3:
  version "2.0.3"
  resolved "https://registry.yarnpkg.com/inherits/-/inherits-2.0.3.tgz#633c2c83e3da42a502f52466022480f4208261de"
  integrity sha1-Yzwsg+PaQqUC9SRmAiSA9CCCYd4=

lokijs@^1.5.11:
  version "1.5.11"
  resolved "https://registry.yarnpkg.com/lokijs/-/lokijs-1.5.11.tgz#2b2ea82ec66050e4b112c6cfc588dac22d362b13"
  integrity sha512-YYyuBPxMn/oS0tFznQDbIX5XL1ltMcwFqCboDr8voYE4VCDzR5vAsrvQDhlnua4lBeqMqHmLvUXRTmRUzUKH1Q==

path@^0.12.7:
  version "0.12.7"
  resolved "https://registry.yarnpkg.com/path/-/path-0.12.7.tgz#d4dc2a506c4ce2197eb481ebfcd5b36c0140b10f"
  integrity sha1-1NwqUGxM4hl+tIHr/NWzbAFAsQ8=
  dependencies:
    process "^0.11.1"
    util "^0.10.3"

process@^0.11.1:
  version "0.11.10"
  resolved "https://registry.yarnpkg.com/process/-/process-0.11.10.tgz#7332300e840161bda3e69a1d1d91a7d4bc16f182"
  integrity sha1-czIwDoQBYb2j5podHZGn1LwW8YI=

util@^0.10.3:
  version "0.10.4"
  resolved "https://registry.yarnpkg.com/util/-/util-0.10.4.tgz#3aa0125bfe668a4672de58857d3ace27ecb76901"
  integrity sha512-0Pm9hTQ3se5ll1XihRic3FDIku70C+iHUdT/W926rSgHV5QgXsYbKZN8MSC3tJtSkhuROzvsQjAaFENRXr+19A==
  dependencies:
    inherits "2.0.3"
